// !$*UTF8*$!
{
	archiveVersion = 1;
	classes = {
	};
	objectVersion = 50;
	objects = {

/* Begin PBXBuildFile section */
		1FE2BE1F236E489600A7AF67 /* WaypointCreationViewController.swift in Sources */ = {isa = PBXBuildFile; fileRef = 1FE2BE1E236E489600A7AF67 /* WaypointCreationViewController.swift */; };
		1FE2BE21236E49B100A7AF67 /* PublicHuntSearchViewController.swift in Sources */ = {isa = PBXBuildFile; fileRef = 1FE2BE20236E49B100A7AF67 /* PublicHuntSearchViewController.swift */; };
		1FE2BE23236E4A7900A7AF67 /* PrivateHuntViewController.swift in Sources */ = {isa = PBXBuildFile; fileRef = 1FE2BE22236E4A7900A7AF67 /* PrivateHuntViewController.swift */; };
		1FE3C66F2357E34C00C99BEC /* AppDelegate.swift in Sources */ = {isa = PBXBuildFile; fileRef = 1FE3C66E2357E34C00C99BEC /* AppDelegate.swift */; };
		1FE3C6712357E34C00C99BEC /* MapViewController.swift in Sources */ = {isa = PBXBuildFile; fileRef = 1FE3C6702357E34C00C99BEC /* MapViewController.swift */; };
		1FE3C6732357E34C00C99BEC /* HuntCreationViewController.swift in Sources */ = {isa = PBXBuildFile; fileRef = 1FE3C6722357E34C00C99BEC /* HuntCreationViewController.swift */; };
		1FE3C6762357E34C00C99BEC /* main.storyboard in Resources */ = {isa = PBXBuildFile; fileRef = 1FE3C6742357E34C00C99BEC /* main.storyboard */; };
		1FE3C6782357E34D00C99BEC /* Assets.xcassets in Resources */ = {isa = PBXBuildFile; fileRef = 1FE3C6772357E34D00C99BEC /* Assets.xcassets */; };
		1FE3C67B2357E34D00C99BEC /* LaunchScreen.storyboard in Resources */ = {isa = PBXBuildFile; fileRef = 1FE3C6792357E34D00C99BEC /* LaunchScreen.storyboard */; };
		1FE3C6A02357E44400C99BEC /* MapKit.framework in Frameworks */ = {isa = PBXBuildFile; fileRef = 1FE3C69F2357E44400C99BEC /* MapKit.framework */; };
		3A7178EB236FFAC0008D817C /* Location.swift in Sources */ = {isa = PBXBuildFile; fileRef = 3A7178EA236FFAC0008D817C /* Location.swift */; };
		6AD5783E236E464200B1BD7D /* nanopb.framework in Frameworks */ = {isa = PBXBuildFile; fileRef = 6AD5783D236E464100B1BD7D /* nanopb.framework */; };
		6AD57842236E465300B1BD7D /* FirebaseCoreDiagnostics.framework in Frameworks */ = {isa = PBXBuildFile; fileRef = 6AD57841236E465200B1BD7D /* FirebaseCoreDiagnostics.framework */; };
		6AD57846236E466700B1BD7D /* FirebaseInstanceID.framework in Frameworks */ = {isa = PBXBuildFile; fileRef = 6AD57845236E466600B1BD7D /* FirebaseInstanceID.framework */; };
		6AD5784A236E467800B1BD7D /* GoogleAppMeasurement.framework in Frameworks */ = {isa = PBXBuildFile; fileRef = 6AD57849236E467700B1BD7D /* GoogleAppMeasurement.framework */; };
		6AD5784E236E468800B1BD7D /* GoogleDataTransport.framework in Frameworks */ = {isa = PBXBuildFile; fileRef = 6AD5784D236E468800B1BD7D /* GoogleDataTransport.framework */; };
		6AD57852236E469E00B1BD7D /* GoogleDataTransportCCTSupport.framework in Frameworks */ = {isa = PBXBuildFile; fileRef = 6AD57851236E469E00B1BD7D /* GoogleDataTransportCCTSupport.framework */; };
		6AD57856236E46AE00B1BD7D /* GoogleUtilities.framework in Frameworks */ = {isa = PBXBuildFile; fileRef = 6AD57855236E46AD00B1BD7D /* GoogleUtilities.framework */; };
		6AD5785A236E46BB00B1BD7D /* FIRAnalyticsConnector.framework in Frameworks */ = {isa = PBXBuildFile; fileRef = 6AD57859236E46BA00B1BD7D /* FIRAnalyticsConnector.framework */; };
		6AD5785E236E46CC00B1BD7D /* FirebaseAnalytics.framework in Frameworks */ = {isa = PBXBuildFile; fileRef = 6AD5785D236E46CC00B1BD7D /* FirebaseAnalytics.framework */; };
		6AD57862236E46D900B1BD7D /* FirebaseCore.framework in Frameworks */ = {isa = PBXBuildFile; fileRef = 6AD57861236E46D800B1BD7D /* FirebaseCore.framework */; };
		6AD57866236E47A100B1BD7D /* Protobuf.framework in Frameworks */ = {isa = PBXBuildFile; fileRef = 6AD57865236E47A100B1BD7D /* Protobuf.framework */; };
		6AD5786A236E47BA00B1BD7D /* gRPC-Core.framework in Frameworks */ = {isa = PBXBuildFile; fileRef = 6AD57869236E47B800B1BD7D /* gRPC-Core.framework */; };
		6AD5786E236E47BD00B1BD7D /* leveldb-library.framework in Frameworks */ = {isa = PBXBuildFile; fileRef = 6AD5786D236E47BC00B1BD7D /* leveldb-library.framework */; };
		6AD57872236E47EE00B1BD7D /* gRPC-C++.framework in Frameworks */ = {isa = PBXBuildFile; fileRef = 6AD57871236E47E600B1BD7D /* gRPC-C++.framework */; };
		6AD57876236E47FB00B1BD7D /* FirebaseFirestore.framework in Frameworks */ = {isa = PBXBuildFile; fileRef = 6AD57875236E47FA00B1BD7D /* FirebaseFirestore.framework */; };
		6AD5787A236E480900B1BD7D /* BoringSSL-GRPC.framework in Frameworks */ = {isa = PBXBuildFile; fileRef = 6AD57879236E480700B1BD7D /* BoringSSL-GRPC.framework */; };
		6AD5787F236E4B1100B1BD7D /* gRPCCertificates-Cpp.bundle in Resources */ = {isa = PBXBuildFile; fileRef = 6AD5787E236E4B0F00B1BD7D /* gRPCCertificates-Cpp.bundle */; };
		6AD57884236E538F00B1BD7D /* GoogleService-Info.plist in Resources */ = {isa = PBXBuildFile; fileRef = 6AD57883236E538E00B1BD7D /* GoogleService-Info.plist */; };
/* End PBXBuildFile section */

/* Begin PBXFileReference section */
		1FE2BE1E236E489600A7AF67 /* WaypointCreationViewController.swift */ = {isa = PBXFileReference; lastKnownFileType = sourcecode.swift; path = WaypointCreationViewController.swift; sourceTree = "<group>"; };
		1FE2BE20236E49B100A7AF67 /* PublicHuntSearchViewController.swift */ = {isa = PBXFileReference; lastKnownFileType = sourcecode.swift; path = PublicHuntSearchViewController.swift; sourceTree = "<group>"; };
		1FE2BE22236E4A7900A7AF67 /* PrivateHuntViewController.swift */ = {isa = PBXFileReference; lastKnownFileType = sourcecode.swift; path = PrivateHuntViewController.swift; sourceTree = "<group>"; };
		1FE3C66B2357E34C00C99BEC /* Cached.app */ = {isa = PBXFileReference; explicitFileType = wrapper.application; includeInIndex = 0; path = Cached.app; sourceTree = BUILT_PRODUCTS_DIR; };
		1FE3C66E2357E34C00C99BEC /* AppDelegate.swift */ = {isa = PBXFileReference; lastKnownFileType = sourcecode.swift; path = AppDelegate.swift; sourceTree = "<group>"; };
		1FE3C6702357E34C00C99BEC /* MapViewController.swift */ = {isa = PBXFileReference; lastKnownFileType = sourcecode.swift; path = MapViewController.swift; sourceTree = "<group>"; };
		1FE3C6722357E34C00C99BEC /* HuntCreationViewController.swift */ = {isa = PBXFileReference; lastKnownFileType = sourcecode.swift; path = HuntCreationViewController.swift; sourceTree = "<group>"; };
		1FE3C6752357E34C00C99BEC /* Base */ = {isa = PBXFileReference; lastKnownFileType = file.storyboard; name = Base; path = Base.lproj/main.storyboard; sourceTree = "<group>"; };
		1FE3C6772357E34D00C99BEC /* Assets.xcassets */ = {isa = PBXFileReference; lastKnownFileType = folder.assetcatalog; path = Assets.xcassets; sourceTree = "<group>"; };
		1FE3C67A2357E34D00C99BEC /* Base */ = {isa = PBXFileReference; lastKnownFileType = file.storyboard; name = Base; path = Base.lproj/LaunchScreen.storyboard; sourceTree = "<group>"; };
		1FE3C67C2357E34D00C99BEC /* Info.plist */ = {isa = PBXFileReference; lastKnownFileType = text.plist.xml; path = Info.plist; sourceTree = "<group>"; };
		1FE3C69F2357E44400C99BEC /* MapKit.framework */ = {isa = PBXFileReference; lastKnownFileType = wrapper.framework; name = MapKit.framework; path = System/Library/Frameworks/MapKit.framework; sourceTree = SDKROOT; };
		3A7178EA236FFAC0008D817C /* Location.swift */ = {isa = PBXFileReference; lastKnownFileType = sourcecode.swift; path = Location.swift; sourceTree = "<group>"; };
		6AD5783D236E464100B1BD7D /* nanopb.framework */ = {isa = PBXFileReference; lastKnownFileType = wrapper.framework; path = nanopb.framework; sourceTree = "<group>"; };
		6AD57841236E465200B1BD7D /* FirebaseCoreDiagnostics.framework */ = {isa = PBXFileReference; lastKnownFileType = wrapper.framework; path = FirebaseCoreDiagnostics.framework; sourceTree = "<group>"; };
		6AD57845236E466600B1BD7D /* FirebaseInstanceID.framework */ = {isa = PBXFileReference; lastKnownFileType = wrapper.framework; path = FirebaseInstanceID.framework; sourceTree = "<group>"; };
		6AD57849236E467700B1BD7D /* GoogleAppMeasurement.framework */ = {isa = PBXFileReference; lastKnownFileType = wrapper.framework; path = GoogleAppMeasurement.framework; sourceTree = "<group>"; };
		6AD5784D236E468800B1BD7D /* GoogleDataTransport.framework */ = {isa = PBXFileReference; lastKnownFileType = wrapper.framework; path = GoogleDataTransport.framework; sourceTree = "<group>"; };
		6AD57851236E469E00B1BD7D /* GoogleDataTransportCCTSupport.framework */ = {isa = PBXFileReference; lastKnownFileType = wrapper.framework; path = GoogleDataTransportCCTSupport.framework; sourceTree = "<group>"; };
		6AD57855236E46AD00B1BD7D /* GoogleUtilities.framework */ = {isa = PBXFileReference; lastKnownFileType = wrapper.framework; path = GoogleUtilities.framework; sourceTree = "<group>"; };
		6AD57859236E46BA00B1BD7D /* FIRAnalyticsConnector.framework */ = {isa = PBXFileReference; lastKnownFileType = wrapper.framework; path = FIRAnalyticsConnector.framework; sourceTree = "<group>"; };
		6AD5785D236E46CC00B1BD7D /* FirebaseAnalytics.framework */ = {isa = PBXFileReference; lastKnownFileType = wrapper.framework; path = FirebaseAnalytics.framework; sourceTree = "<group>"; };
		6AD57861236E46D800B1BD7D /* FirebaseCore.framework */ = {isa = PBXFileReference; lastKnownFileType = wrapper.framework; path = FirebaseCore.framework; sourceTree = "<group>"; };
		6AD57865236E47A100B1BD7D /* Protobuf.framework */ = {isa = PBXFileReference; lastKnownFileType = wrapper.framework; path = Protobuf.framework; sourceTree = "<group>"; };
		6AD57869236E47B800B1BD7D /* gRPC-Core.framework */ = {isa = PBXFileReference; lastKnownFileType = wrapper.framework; path = "gRPC-Core.framework"; sourceTree = "<group>"; };
		6AD5786D236E47BC00B1BD7D /* leveldb-library.framework */ = {isa = PBXFileReference; lastKnownFileType = wrapper.framework; path = "leveldb-library.framework"; sourceTree = "<group>"; };
		6AD57871236E47E600B1BD7D /* gRPC-C++.framework */ = {isa = PBXFileReference; lastKnownFileType = wrapper.framework; path = "gRPC-C++.framework"; sourceTree = "<group>"; };
		6AD57875236E47FA00B1BD7D /* FirebaseFirestore.framework */ = {isa = PBXFileReference; lastKnownFileType = wrapper.framework; path = FirebaseFirestore.framework; sourceTree = "<group>"; };
		6AD57879236E480700B1BD7D /* BoringSSL-GRPC.framework */ = {isa = PBXFileReference; lastKnownFileType = wrapper.framework; path = "BoringSSL-GRPC.framework"; sourceTree = "<group>"; };
		6AD5787E236E4B0F00B1BD7D /* gRPCCertificates-Cpp.bundle */ = {isa = PBXFileReference; lastKnownFileType = "wrapper.plug-in"; path = "gRPCCertificates-Cpp.bundle"; sourceTree = "<group>"; };
		6AD57882236E503C00B1BD7D /* module.modulemap */ = {isa = PBXFileReference; lastKnownFileType = "sourcecode.module-map"; path = module.modulemap; sourceTree = "<group>"; };
		6AD57883236E538E00B1BD7D /* GoogleService-Info.plist */ = {isa = PBXFileReference; fileEncoding = 4; lastKnownFileType = text.plist.xml; path = "GoogleService-Info.plist"; sourceTree = "<group>"; };
/* End PBXFileReference section */

/* Begin PBXFrameworksBuildPhase section */
		1FE3C6682357E34C00C99BEC /* Frameworks */ = {
			isa = PBXFrameworksBuildPhase;
			buildActionMask = 2147483647;
			files = (
				6AD57842236E465300B1BD7D /* FirebaseCoreDiagnostics.framework in Frameworks */,
				6AD57852236E469E00B1BD7D /* GoogleDataTransportCCTSupport.framework in Frameworks */,
				6AD5783E236E464200B1BD7D /* nanopb.framework in Frameworks */,
				6AD5786A236E47BA00B1BD7D /* gRPC-Core.framework in Frameworks */,
				6AD57862236E46D900B1BD7D /* FirebaseCore.framework in Frameworks */,
				6AD5786E236E47BD00B1BD7D /* leveldb-library.framework in Frameworks */,
				6AD5784A236E467800B1BD7D /* GoogleAppMeasurement.framework in Frameworks */,
				6AD5785E236E46CC00B1BD7D /* FirebaseAnalytics.framework in Frameworks */,
				6AD5785A236E46BB00B1BD7D /* FIRAnalyticsConnector.framework in Frameworks */,
				6AD5784E236E468800B1BD7D /* GoogleDataTransport.framework in Frameworks */,
				1FE3C6A02357E44400C99BEC /* MapKit.framework in Frameworks */,
				6AD57876236E47FB00B1BD7D /* FirebaseFirestore.framework in Frameworks */,
				6AD57856236E46AE00B1BD7D /* GoogleUtilities.framework in Frameworks */,
				6AD57846236E466700B1BD7D /* FirebaseInstanceID.framework in Frameworks */,
				6AD5787A236E480900B1BD7D /* BoringSSL-GRPC.framework in Frameworks */,
				6AD57866236E47A100B1BD7D /* Protobuf.framework in Frameworks */,
				6AD57872236E47EE00B1BD7D /* gRPC-C++.framework in Frameworks */,
			);
			runOnlyForDeploymentPostprocessing = 0;
		};
/* End PBXFrameworksBuildPhase section */

/* Begin PBXGroup section */
		1FE3C6622357E34C00C99BEC = {
			isa = PBXGroup;
			children = (
				6AD5787E236E4B0F00B1BD7D /* gRPCCertificates-Cpp.bundle */,
				1FE3C66D2357E34C00C99BEC /* Cached */,
				1FE3C66C2357E34C00C99BEC /* Products */,
				1FE3C69E2357E44400C99BEC /* Frameworks */,
			);
			sourceTree = "<group>";
		};
		1FE3C66C2357E34C00C99BEC /* Products */ = {
			isa = PBXGroup;
			children = (
				1FE3C66B2357E34C00C99BEC /* Cached.app */,
			);
			name = Products;
			sourceTree = "<group>";
		};
		1FE3C66D2357E34C00C99BEC /* Cached */ = {
			isa = PBXGroup;
			children = (
				1FE3C66E2357E34C00C99BEC /* AppDelegate.swift */,
				1FE3C6702357E34C00C99BEC /* MapViewController.swift */,
				1FE3C6722357E34C00C99BEC /* HuntCreationViewController.swift */,
				1FE3C6742357E34C00C99BEC /* main.storyboard */,
				1FE3C6772357E34D00C99BEC /* Assets.xcassets */,
				1FE3C6792357E34D00C99BEC /* LaunchScreen.storyboard */,
				1FE3C67C2357E34D00C99BEC /* Info.plist */,
				6AD57883236E538E00B1BD7D /* GoogleService-Info.plist */,
				3A7178EA236FFAC0008D817C /* Location.swift */,
				1FE2BE1E236E489600A7AF67 /* WaypointCreationViewController.swift */,
				1FE2BE20236E49B100A7AF67 /* PublicHuntSearchViewController.swift */,
				1FE2BE22236E4A7900A7AF67 /* PrivateHuntViewController.swift */,
			);
			path = Cached;
			sourceTree = "<group>";
		};
		1FE3C69E2357E44400C99BEC /* Frameworks */ = {
			isa = PBXGroup;
			children = (
				6AD57882236E503C00B1BD7D /* module.modulemap */,
				6AD57871236E47E600B1BD7D /* gRPC-C++.framework */,
				6AD57875236E47FA00B1BD7D /* FirebaseFirestore.framework */,
				6AD57879236E480700B1BD7D /* BoringSSL-GRPC.framework */,
				6AD57869236E47B800B1BD7D /* gRPC-Core.framework */,
				6AD5786D236E47BC00B1BD7D /* leveldb-library.framework */,
				6AD57865236E47A100B1BD7D /* Protobuf.framework */,
				6AD57861236E46D800B1BD7D /* FirebaseCore.framework */,
				6AD5785D236E46CC00B1BD7D /* FirebaseAnalytics.framework */,
				6AD57859236E46BA00B1BD7D /* FIRAnalyticsConnector.framework */,
				6AD57855236E46AD00B1BD7D /* GoogleUtilities.framework */,
				6AD57851236E469E00B1BD7D /* GoogleDataTransportCCTSupport.framework */,
				6AD5784D236E468800B1BD7D /* GoogleDataTransport.framework */,
				6AD57849236E467700B1BD7D /* GoogleAppMeasurement.framework */,
				6AD57845236E466600B1BD7D /* FirebaseInstanceID.framework */,
				6AD57841236E465200B1BD7D /* FirebaseCoreDiagnostics.framework */,
				6AD5783D236E464100B1BD7D /* nanopb.framework */,
				1FE3C69F2357E44400C99BEC /* MapKit.framework */,
			);
			name = Frameworks;
			sourceTree = "<group>";
		};
/* End PBXGroup section */

/* Begin PBXNativeTarget section */
		1FE3C66A2357E34C00C99BEC /* Cached */ = {
			isa = PBXNativeTarget;
			buildConfigurationList = 1FE3C6952357E34D00C99BEC /* Build configuration list for PBXNativeTarget "Cached" */;
			buildPhases = (
				1FE3C6672357E34C00C99BEC /* Sources */,
				1FE3C6682357E34C00C99BEC /* Frameworks */,
				1FE3C6692357E34C00C99BEC /* Resources */,
			);
			buildRules = (
			);
			dependencies = (
			);
			name = Cached;
			productName = Cached;
			productReference = 1FE3C66B2357E34C00C99BEC /* Cached.app */;
			productType = "com.apple.product-type.application";
		};
/* End PBXNativeTarget section */

/* Begin PBXProject section */
		1FE3C6632357E34C00C99BEC /* Project object */ = {
			isa = PBXProject;
			attributes = {
				LastSwiftUpdateCheck = 1010;
				LastUpgradeCheck = 1010;
				ORGANIZATIONNAME = "Mobile Treasure Hunt";
				TargetAttributes = {
					1FE3C66A2357E34C00C99BEC = {
						CreatedOnToolsVersion = 10.1;
						SystemCapabilities = {
							com.apple.Maps.iOS = {
								enabled = 1;
							};
						};
					};
				};
			};
			buildConfigurationList = 1FE3C6662357E34C00C99BEC /* Build configuration list for PBXProject "Cached" */;
			compatibilityVersion = "Xcode 9.3";
			developmentRegion = en;
			hasScannedForEncodings = 0;
			knownRegions = (
				en,
				Base,
			);
			mainGroup = 1FE3C6622357E34C00C99BEC;
			productRefGroup = 1FE3C66C2357E34C00C99BEC /* Products */;
			projectDirPath = "";
			projectRoot = "";
			targets = (
				1FE3C66A2357E34C00C99BEC /* Cached */,
			);
		};
/* End PBXProject section */

/* Begin PBXResourcesBuildPhase section */
		1FE3C6692357E34C00C99BEC /* Resources */ = {
			isa = PBXResourcesBuildPhase;
			buildActionMask = 2147483647;
			files = (
				1FE3C67B2357E34D00C99BEC /* LaunchScreen.storyboard in Resources */,
				6AD5787F236E4B1100B1BD7D /* gRPCCertificates-Cpp.bundle in Resources */,
				6AD57884236E538F00B1BD7D /* GoogleService-Info.plist in Resources */,
				1FE3C6782357E34D00C99BEC /* Assets.xcassets in Resources */,
				1FE3C6762357E34C00C99BEC /* main.storyboard in Resources */,
			);
			runOnlyForDeploymentPostprocessing = 0;
		};
/* End PBXResourcesBuildPhase section */

/* Begin PBXSourcesBuildPhase section */
		1FE3C6672357E34C00C99BEC /* Sources */ = {
			isa = PBXSourcesBuildPhase;
			buildActionMask = 2147483647;
			files = (
				1FE3C6732357E34C00C99BEC /* HuntCreationViewController.swift in Sources */,
				1FE3C66F2357E34C00C99BEC /* AppDelegate.swift in Sources */,
				3A7178EB236FFAC0008D817C /* Location.swift in Sources */,
				1FE2BE1F236E489600A7AF67 /* WaypointCreationViewController.swift in Sources */,
				1FE3C6712357E34C00C99BEC /* MapViewController.swift in Sources */,
				1FE2BE21236E49B100A7AF67 /* PublicHuntSearchViewController.swift in Sources */,
				1FE2BE23236E4A7900A7AF67 /* PrivateHuntViewController.swift in Sources */,
			);
			runOnlyForDeploymentPostprocessing = 0;
		};
/* End PBXSourcesBuildPhase section */

/* Begin PBXVariantGroup section */
		1FE3C6742357E34C00C99BEC /* main.storyboard */ = {
			isa = PBXVariantGroup;
			children = (
				1FE3C6752357E34C00C99BEC /* Base */,
			);
			name = main.storyboard;
			sourceTree = "<group>";
		};
		1FE3C6792357E34D00C99BEC /* LaunchScreen.storyboard */ = {
			isa = PBXVariantGroup;
			children = (
				1FE3C67A2357E34D00C99BEC /* Base */,
			);
			name = LaunchScreen.storyboard;
			sourceTree = "<group>";
		};
/* End PBXVariantGroup section */

/* Begin XCBuildConfiguration section */
		1FE3C6932357E34D00C99BEC /* Debug */ = {
			isa = XCBuildConfiguration;
			buildSettings = {
				ALWAYS_SEARCH_USER_PATHS = NO;
				CLANG_ANALYZER_NONNULL = YES;
				CLANG_ANALYZER_NUMBER_OBJECT_CONVERSION = YES_AGGRESSIVE;
				CLANG_CXX_LANGUAGE_STANDARD = "gnu++14";
				CLANG_CXX_LIBRARY = "libc++";
				CLANG_ENABLE_MODULES = YES;
				CLANG_ENABLE_OBJC_ARC = YES;
				CLANG_ENABLE_OBJC_WEAK = YES;
				CLANG_WARN_BLOCK_CAPTURE_AUTORELEASING = YES;
				CLANG_WARN_BOOL_CONVERSION = YES;
				CLANG_WARN_COMMA = YES;
				CLANG_WARN_CONSTANT_CONVERSION = YES;
				CLANG_WARN_DEPRECATED_OBJC_IMPLEMENTATIONS = YES;
				CLANG_WARN_DIRECT_OBJC_ISA_USAGE = YES_ERROR;
				CLANG_WARN_DOCUMENTATION_COMMENTS = YES;
				CLANG_WARN_EMPTY_BODY = YES;
				CLANG_WARN_ENUM_CONVERSION = YES;
				CLANG_WARN_INFINITE_RECURSION = YES;
				CLANG_WARN_INT_CONVERSION = YES;
				CLANG_WARN_NON_LITERAL_NULL_CONVERSION = YES;
				CLANG_WARN_OBJC_IMPLICIT_RETAIN_SELF = YES;
				CLANG_WARN_OBJC_LITERAL_CONVERSION = YES;
				CLANG_WARN_OBJC_ROOT_CLASS = YES_ERROR;
				CLANG_WARN_RANGE_LOOP_ANALYSIS = YES;
				CLANG_WARN_STRICT_PROTOTYPES = YES;
				CLANG_WARN_SUSPICIOUS_MOVE = YES;
				CLANG_WARN_UNGUARDED_AVAILABILITY = YES_AGGRESSIVE;
				CLANG_WARN_UNREACHABLE_CODE = YES;
				CLANG_WARN__DUPLICATE_METHOD_MATCH = YES;
				CODE_SIGN_IDENTITY = "iPhone Developer";
				COPY_PHASE_STRIP = NO;
				DEBUG_INFORMATION_FORMAT = dwarf;
				ENABLE_STRICT_OBJC_MSGSEND = YES;
				ENABLE_TESTABILITY = YES;
				GCC_C_LANGUAGE_STANDARD = gnu11;
				GCC_DYNAMIC_NO_PIC = NO;
				GCC_NO_COMMON_BLOCKS = YES;
				GCC_OPTIMIZATION_LEVEL = 0;
				GCC_PREPROCESSOR_DEFINITIONS = (
					"DEBUG=1",
					"$(inherited)",
				);
				GCC_WARN_64_TO_32_BIT_CONVERSION = YES;
				GCC_WARN_ABOUT_RETURN_TYPE = YES_ERROR;
				GCC_WARN_UNDECLARED_SELECTOR = YES;
				GCC_WARN_UNINITIALIZED_AUTOS = YES_AGGRESSIVE;
				GCC_WARN_UNUSED_FUNCTION = YES;
				GCC_WARN_UNUSED_VARIABLE = YES;
				IPHONEOS_DEPLOYMENT_TARGET = 12.1;
				MTL_ENABLE_DEBUG_INFO = INCLUDE_SOURCE;
				MTL_FAST_MATH = YES;
				ONLY_ACTIVE_ARCH = YES;
				SDKROOT = iphoneos;
				SWIFT_ACTIVE_COMPILATION_CONDITIONS = DEBUG;
				SWIFT_OPTIMIZATION_LEVEL = "-Onone";
			};
			name = Debug;
		};
		1FE3C6942357E34D00C99BEC /* Release */ = {
			isa = XCBuildConfiguration;
			buildSettings = {
				ALWAYS_SEARCH_USER_PATHS = NO;
				CLANG_ANALYZER_NONNULL = YES;
				CLANG_ANALYZER_NUMBER_OBJECT_CONVERSION = YES_AGGRESSIVE;
				CLANG_CXX_LANGUAGE_STANDARD = "gnu++14";
				CLANG_CXX_LIBRARY = "libc++";
				CLANG_ENABLE_MODULES = YES;
				CLANG_ENABLE_OBJC_ARC = YES;
				CLANG_ENABLE_OBJC_WEAK = YES;
				CLANG_WARN_BLOCK_CAPTURE_AUTORELEASING = YES;
				CLANG_WARN_BOOL_CONVERSION = YES;
				CLANG_WARN_COMMA = YES;
				CLANG_WARN_CONSTANT_CONVERSION = YES;
				CLANG_WARN_DEPRECATED_OBJC_IMPLEMENTATIONS = YES;
				CLANG_WARN_DIRECT_OBJC_ISA_USAGE = YES_ERROR;
				CLANG_WARN_DOCUMENTATION_COMMENTS = YES;
				CLANG_WARN_EMPTY_BODY = YES;
				CLANG_WARN_ENUM_CONVERSION = YES;
				CLANG_WARN_INFINITE_RECURSION = YES;
				CLANG_WARN_INT_CONVERSION = YES;
				CLANG_WARN_NON_LITERAL_NULL_CONVERSION = YES;
				CLANG_WARN_OBJC_IMPLICIT_RETAIN_SELF = YES;
				CLANG_WARN_OBJC_LITERAL_CONVERSION = YES;
				CLANG_WARN_OBJC_ROOT_CLASS = YES_ERROR;
				CLANG_WARN_RANGE_LOOP_ANALYSIS = YES;
				CLANG_WARN_STRICT_PROTOTYPES = YES;
				CLANG_WARN_SUSPICIOUS_MOVE = YES;
				CLANG_WARN_UNGUARDED_AVAILABILITY = YES_AGGRESSIVE;
				CLANG_WARN_UNREACHABLE_CODE = YES;
				CLANG_WARN__DUPLICATE_METHOD_MATCH = YES;
				CODE_SIGN_IDENTITY = "iPhone Developer";
				COPY_PHASE_STRIP = NO;
				DEBUG_INFORMATION_FORMAT = "dwarf-with-dsym";
				ENABLE_NS_ASSERTIONS = NO;
				ENABLE_STRICT_OBJC_MSGSEND = YES;
				GCC_C_LANGUAGE_STANDARD = gnu11;
				GCC_NO_COMMON_BLOCKS = YES;
				GCC_WARN_64_TO_32_BIT_CONVERSION = YES;
				GCC_WARN_ABOUT_RETURN_TYPE = YES_ERROR;
				GCC_WARN_UNDECLARED_SELECTOR = YES;
				GCC_WARN_UNINITIALIZED_AUTOS = YES_AGGRESSIVE;
				GCC_WARN_UNUSED_FUNCTION = YES;
				GCC_WARN_UNUSED_VARIABLE = YES;
				IPHONEOS_DEPLOYMENT_TARGET = 12.1;
				MTL_ENABLE_DEBUG_INFO = NO;
				MTL_FAST_MATH = YES;
				SDKROOT = iphoneos;
				SWIFT_COMPILATION_MODE = wholemodule;
				SWIFT_OPTIMIZATION_LEVEL = "-O";
				VALIDATE_PRODUCT = YES;
			};
			name = Release;
		};
		1FE3C6962357E34D00C99BEC /* Debug */ = {
			isa = XCBuildConfiguration;
			buildSettings = {
				ASSETCATALOG_COMPILER_APPICON_NAME = AppIcon;
				CODE_SIGN_STYLE = Automatic;
				DEVELOPMENT_TEAM = BQY5XSGK29;
				FRAMEWORK_SEARCH_PATHS = (
					"$(inherited)",
					"$(PROJECT_DIR)",
				);
				HEADER_SEARCH_PATHS = (
					/Users/katierievley/Desktop/Cached/Cached,
					/Users/jeff/Documents/Cached/Cached,
				);
				INFOPLIST_FILE = Cached/Info.plist;
				LD_RUNPATH_SEARCH_PATHS = (
					"$(inherited)",
					"@executable_path/Frameworks",
				);
				OTHER_LDFLAGS = "-ObjC";
				PRODUCT_BUNDLE_IDENTIFIER = com.Cached;
				PRODUCT_NAME = "$(TARGET_NAME)";
				SWIFT_VERSION = 4.2;
				TARGETED_DEVICE_FAMILY = 1;
			};
			name = Debug;
		};
		1FE3C6972357E34D00C99BEC /* Release */ = {
			isa = XCBuildConfiguration;
			buildSettings = {
				ASSETCATALOG_COMPILER_APPICON_NAME = AppIcon;
				CODE_SIGN_STYLE = Automatic;
				DEVELOPMENT_TEAM = BQY5XSGK29;
				FRAMEWORK_SEARCH_PATHS = (
					"$(inherited)",
					"$(PROJECT_DIR)",
				);
				HEADER_SEARCH_PATHS = (
					/Users/katierievley/Desktop/Cached/Cached,
					/Users/jeff/Documents/Cached/Cached,
				);
				INFOPLIST_FILE = Cached/Info.plist;
				LD_RUNPATH_SEARCH_PATHS = (
					"$(inherited)",
					"@executable_path/Frameworks",
				);
				OTHER_LDFLAGS = "-ObjC";
				PRODUCT_BUNDLE_IDENTIFIER = com.Cached;
				PRODUCT_NAME = "$(TARGET_NAME)";
				SWIFT_VERSION = 4.2;
				TARGETED_DEVICE_FAMILY = 1;
			};
			name = Release;
		};
/* End XCBuildConfiguration section */

/* Begin XCConfigurationList section */
		1FE3C6662357E34C00C99BEC /* Build configuration list for PBXProject "Cached" */ = {
			isa = XCConfigurationList;
			buildConfigurations = (
				1FE3C6932357E34D00C99BEC /* Debug */,
				1FE3C6942357E34D00C99BEC /* Release */,
			);
			defaultConfigurationIsVisible = 0;
			defaultConfigurationName = Release;
		};
		1FE3C6952357E34D00C99BEC /* Build configuration list for PBXNativeTarget "Cached" */ = {
			isa = XCConfigurationList;
			buildConfigurations = (
				1FE3C6962357E34D00C99BEC /* Debug */,
				1FE3C6972357E34D00C99BEC /* Release */,
			);
			defaultConfigurationIsVisible = 0;
			defaultConfigurationName = Release;
		};
/* End XCConfigurationList section */
	};
	rootObject = 1FE3C6632357E34C00C99BEC /* Project object */;
}
